
Microsoft Visual Studio Solution File, Format Version 12.00
# Visual Studio 15
VisualStudioVersion = 15.0.28010.2036
MinimumVisualStudioVersion = 10.0.40219.1
Project("{8BC9CEB8-8B4A-11D0-8D11-00A0C91BC942}") = "Open_project2 - Refactored", "Open_project2 - Refactored.vcxproj", "{FF50F696-FCC5-410B-88F7-F26E723FC452}"
EndProject
Global
	GlobalSection(SolutionConfigurationPlatforms) = preSolution
		Debug|x64 = Debug|x64
		Debug|x86 = Debug|x86
		Release|x64 = Release|x64
		Release|x86 = Release|x86
	EndGlobalSection
	GlobalSection(ProjectConfigurationPlatforms) = postSolution
		{FF50F696-FCC5-410B-88F7-F26E723FC452}.Debug|x64.ActiveCfg = Debug|x64
		{FF50F696-FCC5-410B-88F7-F26E723FC452}.Debug|x64.Build.0 = Debug|x64
		{FF50F696-FCC5-410B-88F7-F26E723FC452}.Debug|x86.ActiveCfg = Debug|Win32
		{FF50F696-FCC5-410B-88F7-F26E723FC452}.Debug|x86.Build.0 = Debug|Win32
		{FF50F696-FCC5-410B-88F7-F26E723FC452}.Release|x64.ActiveCfg = Release|x64
		{FF50F696-FCC5-410B-88F7-F26E723FC452}.Release|x64.Build.0 = Release|x64
		{FF50F696-FCC5-410B-88F7-F26E723FC452}.Release|x86.ActiveCfg = Release|Win32
		{FF50F696-FCC5-410B-88F7-F26E723FC452}.Release|x86.Build.0 = Release|Win32
	EndGlobalSection
	GlobalSection(SolutionProperties) = preSolution
		HideSolutionNode = FALSE
	EndGlobalSection
	GlobalSection(ExtensibilityGlobals) = postSolution
		SolutionGuid = {15793C27-06D6-44B0-899B-97B9AB299CA9}
	EndGlobalSection
EndGlobal
